
Microsoft Visual Studio Solution File, Format Version 12.00
# Visual Studio Version 16
VisualStudioVersion = 16.0.29609.76
MinimumVisualStudioVersion = 10.0.40219.1
Project("{2150E333-8FDC-42A3-9474-1A3956D46DE8}") = "Utilitarios", "Utilitarios", "{47314D29-BA8B-4556-90F1-7E198663747E}"
EndProject
Project("{2150E333-8FDC-42A3-9474-1A3956D46DE8}") = "Micro-Serviço Persistência", "Micro-Serviço Persistência", "{E3F1BBF3-ADA5-4A5F-876E-798004AE8961}"
EndProject
Project("{2150E333-8FDC-42A3-9474-1A3956D46DE8}") = "Interfaces", "Interfaces", "{E8274C38-E993-4833-95A1-8FF9FF119622}"
EndProject
Project("{2150E333-8FDC-42A3-9474-1A3956D46DE8}") = "Micro-Serviço Utilitarios", "Micro-Serviço Utilitarios", "{1854D86B-6709-45E6-BD96-AF3C9C3EC5C7}"
EndProject
Project("{2150E333-8FDC-42A3-9474-1A3956D46DE8}") = "Micro-Serviço de Negocio", "Micro-Serviço de Negocio", "{D9E4B065-0BF3-4F0D-8ACB-799B81831A59}"
EndProject
Project("{2150E333-8FDC-42A3-9474-1A3956D46DE8}") = "OneAllWeb", "OneAllWeb", "{2D78A400-45BC-11E9-8B89-91FF8FC5E36C}"
EndProject
Project("{2150E333-8FDC-42A3-9474-1A3956D46DE8}") = "Testes", "Testes", "{9293B3D0-48B3-11E9-92D6-CDD6E957DC81}"
EndProject
Project("{2150E333-8FDC-42A3-9474-1A3956D46DE8}") = "Base", "Base", "{2665D864-086F-44FC-8347-505F55DAC7FF}"
EndProject
Project("{9A19103F-16F7-4668-BE54-9A1E7A4F7556}") = "SHL.BaseDAL", "..\04-Source\SHL.BaseDAL\SHL.BaseDAL.csproj", "{3896260E-B55F-46DD-A6BE-8FE93242E984}"
EndProject
Project("{9A19103F-16F7-4668-BE54-9A1E7A4F7556}") = "SHL.BaseModel", "..\04-Source\SHL.BaseModel\SHL.BaseModel.csproj", "{46A322E8-98F5-4CD7-AC2C-A3490E150A64}"
EndProject
Project("{9A19103F-16F7-4668-BE54-9A1E7A4F7556}") = "SHL.SQLHelper", "..\04-Source\SHL.SQLHelper\SHL.SQLHelper.csproj", "{04FFF19C-80F9-4201-9A64-2948A503F68B}"
EndProject
Project("{9A19103F-16F7-4668-BE54-9A1E7A4F7556}") = "SHL.Types", "..\04-Source\SHL.Types\SHL.Types.csproj", "{EE68DD8A-791D-4968-A9AE-C7F36DE80D0A}"
EndProject
Project("{9A19103F-16F7-4668-BE54-9A1E7A4F7556}") = "SHL.IPropriedade", "..\04-Source\SHL.IPropriedade\SHL.IPropriedade.csproj", "{4CFCEAF8-6E8C-4F32-B91B-877C1511ECA3}"
EndProject
Project("{9A19103F-16F7-4668-BE54-9A1E7A4F7556}") = "SHL.ITimeSheet", "..\04-Source\SHL.ITimeSheet\SHL.ITimeSheet.csproj", "{A4A4A69F-21EE-410F-A9FE-0F119705C34B}"
EndProject
Project("{9A19103F-16F7-4668-BE54-9A1E7A4F7556}") = "SHL.ITimeSheetNG", "..\04-Source\SHL.ITimeSheetNG\SHL.ITimeSheetNG.csproj", "{B0AEFCBC-2492-471E-A9AE-FB7FB121EF48}"
EndProject
Project("{9A19103F-16F7-4668-BE54-9A1E7A4F7556}") = "SHL.IRetorno", "..\04-Source\SHL.IRetorno\SHL.IRetorno.csproj", "{FD2C0CB9-FC4E-48F4-B0D3-97862EACB873}"
EndProject
Project("{9A19103F-16F7-4668-BE54-9A1E7A4F7556}") = "SHL.TimeSheetNG", "..\04-Source\SHL.TimeSheetNG\SHL.TimeSheetNG.csproj", "{D8D57071-665D-4A19-BFD0-6833566C99CF}"
EndProject
Project("{9A19103F-16F7-4668-BE54-9A1E7A4F7556}") = "SHL.TimeSheet", "..\04-Source\SHL.TimeSheet\SHL.TimeSheet.csproj", "{8D57A3E1-A66F-4A14-AA67-0A1DD7ED5D63}"
EndProject
Project("{9A19103F-16F7-4668-BE54-9A1E7A4F7556}") = "SHL.Utils", "..\04-Source\SHL.Utils\SHL.Utils.csproj", "{50A2451D-ACD3-445E-90D0-42EC52E6775E}"
EndProject
Project("{9A19103F-16F7-4668-BE54-9A1E7A4F7556}") = "SHL.Criptografia", "..\04-Source\SHL.Criptografia\SHL.Criptografia.csproj", "{C4CF9D8D-408B-49CC-981B-5D6B7F18311A}"
EndProject
Project("{9A19103F-16F7-4668-BE54-9A1E7A4F7556}") = "SHL.TokenSecurity", "..\04-Source\SHL.TokenSecurity\SHL.TokenSecurity.csproj", "{D1FEC752-A959-4B79-84EA-B1E310D0E6FF}"
EndProject
Project("{9A19103F-16F7-4668-BE54-9A1E7A4F7556}") = "SHL.OneAllWeb", "..\04-Source\SHL.OneAllWeb\SHL.OneAllWeb.csproj", "{2FB8A638-4E6A-4935-9A9A-03169CF749DD}"
EndProject
Project("{9A19103F-16F7-4668-BE54-9A1E7A4F7556}") = "SHL.Propriedades", "..\04-Source\SHL.Propriedades\SHL.Propriedades.csproj", "{98C27CE1-9E6F-4EC6-9380-C32CEF862A24}"
EndProject
Project("{9A19103F-16F7-4668-BE54-9A1E7A4F7556}") = "SHL.HttpRequest", "..\04-Source\SHL.HttpRequest\SHL.HttpRequest.csproj", "{9EA8DB86-8D02-4D54-B1BF-F45AFC807133}"
EndProject
Project("{FAE04EC0-301F-11D3-BF4B-00C04F79EFBC}") = "TokenSecurityTest", "..\04-Source\TokenSecurityTest\TokenSecurityTest.csproj", "{8A13D6FE-4A2D-4B69-94D9-E4A3020E98D5}"
EndProject
Project("{9A19103F-16F7-4668-BE54-9A1E7A4F7556}") = "SHL.ITask", "..\04-Source\SHL.ITask\SHL.ITask.csproj", "{AEF9EE99-6B28-4C79-AA0B-79C013D1663B}"
EndProject
Project("{9A19103F-16F7-4668-BE54-9A1E7A4F7556}") = "SHL.IProject", "..\04-Source\SHL.IProject\SHL.IProject.csproj", "{4B5E5FAC-97DA-44E7-929C-10180D520635}"
EndProject
Project("{9A19103F-16F7-4668-BE54-9A1E7A4F7556}") = "SHL.IParameter", "..\04-Source\SHL.IParameter\SHL.IParameter.csproj", "{92D042C7-2EF4-4635-AB12-EAFAFB1EE658}"
EndProject
Project("{9A19103F-16F7-4668-BE54-9A1E7A4F7556}") = "SHL.Parameter", "..\04-Source\SHL.Parameter\SHL.Parameter.csproj", "{3A5FBCFD-5D38-4324-8860-0B6B695EE5B4}"
EndProject
Project("{9A19103F-16F7-4668-BE54-9A1E7A4F7556}") = "SHL.Project", "..\04-Source\SHL.Project\SHL.Project.csproj", "{BDAE8EEA-1C1D-45BB-8D89-7B92A52717CF}"
EndProject
Project("{9A19103F-16F7-4668-BE54-9A1E7A4F7556}") = "SHL.Task", "..\04-Source\SHL.Task\SHL.Task.csproj", "{83342FA3-A044-405F-A5F6-79F42DC0C625}"
EndProject
Project("{2150E333-8FDC-42A3-9474-1A3956D46DE8}") = "BusinessLayer", "BusinessLayer", "{05D1D7A5-44C0-4200-BC66-0ED3D6A22511}"
EndProject
Project("{2150E333-8FDC-42A3-9474-1A3956D46DE8}") = "DataLayer", "DataLayer", "{4383D261-2B94-4E34-BF99-E64D73AF84E2}"
EndProject
Project("{9A19103F-16F7-4668-BE54-9A1E7A4F7556}") = "SHL.BusinessLayer.Parameter", "..\04-Source\SHL.BusinessLayer.Parameter\SHL.BusinessLayer.Parameter.csproj", "{BAAAF72C-1154-431E-A2CC-50FF3D517DE9}"
EndProject
Project("{9A19103F-16F7-4668-BE54-9A1E7A4F7556}") = "SHL.BusinessLayer.Project", "..\04-Source\SHL.BusinessLayer.Project\SHL.BusinessLayer.Project.csproj", "{48EB9844-B966-4AA3-AB15-BEFD0174E035}"
EndProject
Project("{9A19103F-16F7-4668-BE54-9A1E7A4F7556}") = "SHL.BusinessLayer.Task", "..\04-Source\SHL.BusinessLayer.Task\SHL.BusinessLayer.Task.csproj", "{BCAD8E02-5438-494F-A386-D14D9F791597}"
EndProject
Project("{9A19103F-16F7-4668-BE54-9A1E7A4F7556}") = "SHL.BusinessLayer.TimeSheet", "..\04-Source\SHL.BusinessLayer.TimeSheet\SHL.BusinessLayer.TimeSheet.csproj", "{2B4E9742-28A3-4817-860B-1C7932E5F007}"
EndProject
Project("{9A19103F-16F7-4668-BE54-9A1E7A4F7556}") = "SHL.DataLayer.Parameter", "..\04-Source\SHL.DataLayer.Parameter\SHL.DataLayer.Parameter.csproj", "{0EEF5299-957E-4166-A87A-34A0DB558B74}"
EndProject
Project("{9A19103F-16F7-4668-BE54-9A1E7A4F7556}") = "SHL.DataLayer.Project", "..\04-Source\SHL.DataLayer.Project\SHL.DataLayer.Project.csproj", "{696A5507-11AF-4AD7-A350-D0067205A635}"
EndProject
Project("{9A19103F-16F7-4668-BE54-9A1E7A4F7556}") = "SHL.DataLayer.Task", "..\04-Source\SHL.DataLayer.Task\SHL.DataLayer.Task.csproj", "{0EB5EAA2-8278-4F3F-902B-EB98278A828C}"
EndProject
Project("{9A19103F-16F7-4668-BE54-9A1E7A4F7556}") = "SHL.DataLayer.TimeSheet", "..\04-Source\SHL.DataLayer.TimeSheet\SHL.DataLayer.TimeSheet.csproj", "{7C338AEF-575A-40EE-8982-B4C6EA02D8CC}"
EndProject
Project("{9A19103F-16F7-4668-BE54-9A1E7A4F7556}") = "SHL.ISincronismo", "..\04-Source\SHL.ISincronismo\SHL.ISincronismo.csproj", "{49B2A6AD-3A8A-45D4-BDAC-7B90E23D5B4F}"
EndProject
Project("{9A19103F-16F7-4668-BE54-9A1E7A4F7556}") = "SHL.Syncronism", "..\04-Source\SHL.Syncronism\SHL.Syncronism.csproj", "{0C033CB9-250F-48D0-A8F6-CA3C0F7D2126}"
EndProject
Global
	GlobalSection(SolutionConfigurationPlatforms) = preSolution
		Debug|Any CPU = Debug|Any CPU
		Release|Any CPU = Release|Any CPU
	EndGlobalSection
	GlobalSection(ProjectConfigurationPlatforms) = postSolution
		{3896260E-B55F-46DD-A6BE-8FE93242E984}.Debug|Any CPU.ActiveCfg = Debug|Any CPU
		{3896260E-B55F-46DD-A6BE-8FE93242E984}.Debug|Any CPU.Build.0 = Debug|Any CPU
		{3896260E-B55F-46DD-A6BE-8FE93242E984}.Release|Any CPU.ActiveCfg = Release|Any CPU
		{3896260E-B55F-46DD-A6BE-8FE93242E984}.Release|Any CPU.Build.0 = Release|Any CPU
		{46A322E8-98F5-4CD7-AC2C-A3490E150A64}.Debug|Any CPU.ActiveCfg = Debug|Any CPU
		{46A322E8-98F5-4CD7-AC2C-A3490E150A64}.Debug|Any CPU.Build.0 = Debug|Any CPU
		{46A322E8-98F5-4CD7-AC2C-A3490E150A64}.Release|Any CPU.ActiveCfg = Release|Any CPU
		{46A322E8-98F5-4CD7-AC2C-A3490E150A64}.Release|Any CPU.Build.0 = Release|Any CPU
		{04FFF19C-80F9-4201-9A64-2948A503F68B}.Debug|Any CPU.ActiveCfg = Debug|Any CPU
		{04FFF19C-80F9-4201-9A64-2948A503F68B}.Debug|Any CPU.Build.0 = Debug|Any CPU
		{04FFF19C-80F9-4201-9A64-2948A503F68B}.Release|Any CPU.ActiveCfg = Release|Any CPU
		{04FFF19C-80F9-4201-9A64-2948A503F68B}.Release|Any CPU.Build.0 = Release|Any CPU
		{EE68DD8A-791D-4968-A9AE-C7F36DE80D0A}.Debug|Any CPU.ActiveCfg = Debug|Any CPU
		{EE68DD8A-791D-4968-A9AE-C7F36DE80D0A}.Debug|Any CPU.Build.0 = Debug|Any CPU
		{EE68DD8A-791D-4968-A9AE-C7F36DE80D0A}.Release|Any CPU.ActiveCfg = Release|Any CPU
		{EE68DD8A-791D-4968-A9AE-C7F36DE80D0A}.Release|Any CPU.Build.0 = Release|Any CPU
		{4CFCEAF8-6E8C-4F32-B91B-877C1511ECA3}.Debug|Any CPU.ActiveCfg = Debug|Any CPU
		{4CFCEAF8-6E8C-4F32-B91B-877C1511ECA3}.Debug|Any CPU.Build.0 = Debug|Any CPU
		{4CFCEAF8-6E8C-4F32-B91B-877C1511ECA3}.Release|Any CPU.ActiveCfg = Release|Any CPU
		{4CFCEAF8-6E8C-4F32-B91B-877C1511ECA3}.Release|Any CPU.Build.0 = Release|Any CPU
		{A4A4A69F-21EE-410F-A9FE-0F119705C34B}.Debug|Any CPU.ActiveCfg = Debug|Any CPU
		{A4A4A69F-21EE-410F-A9FE-0F119705C34B}.Debug|Any CPU.Build.0 = Debug|Any CPU
		{A4A4A69F-21EE-410F-A9FE-0F119705C34B}.Release|Any CPU.ActiveCfg = Release|Any CPU
		{A4A4A69F-21EE-410F-A9FE-0F119705C34B}.Release|Any CPU.Build.0 = Release|Any CPU
		{B0AEFCBC-2492-471E-A9AE-FB7FB121EF48}.Debug|Any CPU.ActiveCfg = Debug|Any CPU
		{B0AEFCBC-2492-471E-A9AE-FB7FB121EF48}.Debug|Any CPU.Build.0 = Debug|Any CPU
		{B0AEFCBC-2492-471E-A9AE-FB7FB121EF48}.Release|Any CPU.ActiveCfg = Release|Any CPU
		{B0AEFCBC-2492-471E-A9AE-FB7FB121EF48}.Release|Any CPU.Build.0 = Release|Any CPU
		{FD2C0CB9-FC4E-48F4-B0D3-97862EACB873}.Debug|Any CPU.ActiveCfg = Debug|Any CPU
		{FD2C0CB9-FC4E-48F4-B0D3-97862EACB873}.Debug|Any CPU.Build.0 = Debug|Any CPU
		{FD2C0CB9-FC4E-48F4-B0D3-97862EACB873}.Release|Any CPU.ActiveCfg = Release|Any CPU
		{FD2C0CB9-FC4E-48F4-B0D3-97862EACB873}.Release|Any CPU.Build.0 = Release|Any CPU
		{D8D57071-665D-4A19-BFD0-6833566C99CF}.Debug|Any CPU.ActiveCfg = Debug|Any CPU
		{D8D57071-665D-4A19-BFD0-6833566C99CF}.Debug|Any CPU.Build.0 = Debug|Any CPU
		{D8D57071-665D-4A19-BFD0-6833566C99CF}.Release|Any CPU.ActiveCfg = Release|Any CPU
		{D8D57071-665D-4A19-BFD0-6833566C99CF}.Release|Any CPU.Build.0 = Release|Any CPU
		{8D57A3E1-A66F-4A14-AA67-0A1DD7ED5D63}.Debug|Any CPU.ActiveCfg = Debug|Any CPU
		{8D57A3E1-A66F-4A14-AA67-0A1DD7ED5D63}.Debug|Any CPU.Build.0 = Debug|Any CPU
		{8D57A3E1-A66F-4A14-AA67-0A1DD7ED5D63}.Release|Any CPU.ActiveCfg = Release|Any CPU
		{8D57A3E1-A66F-4A14-AA67-0A1DD7ED5D63}.Release|Any CPU.Build.0 = Release|Any CPU
		{50A2451D-ACD3-445E-90D0-42EC52E6775E}.Debug|Any CPU.ActiveCfg = Debug|Any CPU
		{50A2451D-ACD3-445E-90D0-42EC52E6775E}.Debug|Any CPU.Build.0 = Debug|Any CPU
		{50A2451D-ACD3-445E-90D0-42EC52E6775E}.Release|Any CPU.ActiveCfg = Release|Any CPU
		{50A2451D-ACD3-445E-90D0-42EC52E6775E}.Release|Any CPU.Build.0 = Release|Any CPU
		{C4CF9D8D-408B-49CC-981B-5D6B7F18311A}.Debug|Any CPU.ActiveCfg = Debug|Any CPU
		{C4CF9D8D-408B-49CC-981B-5D6B7F18311A}.Debug|Any CPU.Build.0 = Debug|Any CPU
		{C4CF9D8D-408B-49CC-981B-5D6B7F18311A}.Release|Any CPU.ActiveCfg = Release|Any CPU
		{C4CF9D8D-408B-49CC-981B-5D6B7F18311A}.Release|Any CPU.Build.0 = Release|Any CPU
		{D1FEC752-A959-4B79-84EA-B1E310D0E6FF}.Debug|Any CPU.ActiveCfg = Debug|Any CPU
		{D1FEC752-A959-4B79-84EA-B1E310D0E6FF}.Debug|Any CPU.Build.0 = Debug|Any CPU
		{D1FEC752-A959-4B79-84EA-B1E310D0E6FF}.Release|Any CPU.ActiveCfg = Release|Any CPU
		{D1FEC752-A959-4B79-84EA-B1E310D0E6FF}.Release|Any CPU.Build.0 = Release|Any CPU
		{2FB8A638-4E6A-4935-9A9A-03169CF749DD}.Debug|Any CPU.ActiveCfg = Debug|Any CPU
		{2FB8A638-4E6A-4935-9A9A-03169CF749DD}.Debug|Any CPU.Build.0 = Debug|Any CPU
		{2FB8A638-4E6A-4935-9A9A-03169CF749DD}.Release|Any CPU.ActiveCfg = Release|Any CPU
		{98C27CE1-9E6F-4EC6-9380-C32CEF862A24}.Debug|Any CPU.ActiveCfg = Debug|Any CPU
		{98C27CE1-9E6F-4EC6-9380-C32CEF862A24}.Debug|Any CPU.Build.0 = Debug|Any CPU
		{98C27CE1-9E6F-4EC6-9380-C32CEF862A24}.Release|Any CPU.ActiveCfg = Release|Any CPU
		{98C27CE1-9E6F-4EC6-9380-C32CEF862A24}.Release|Any CPU.Build.0 = Release|Any CPU
		{9EA8DB86-8D02-4D54-B1BF-F45AFC807133}.Debug|Any CPU.ActiveCfg = Debug|Any CPU
		{9EA8DB86-8D02-4D54-B1BF-F45AFC807133}.Debug|Any CPU.Build.0 = Debug|Any CPU
		{9EA8DB86-8D02-4D54-B1BF-F45AFC807133}.Release|Any CPU.ActiveCfg = Release|Any CPU
		{9EA8DB86-8D02-4D54-B1BF-F45AFC807133}.Release|Any CPU.Build.0 = Release|Any CPU
		{8A13D6FE-4A2D-4B69-94D9-E4A3020E98D5}.Debug|Any CPU.ActiveCfg = Debug|Any CPU
		{8A13D6FE-4A2D-4B69-94D9-E4A3020E98D5}.Debug|Any CPU.Build.0 = Debug|Any CPU
		{8A13D6FE-4A2D-4B69-94D9-E4A3020E98D5}.Release|Any CPU.ActiveCfg = Release|Any CPU
		{8A13D6FE-4A2D-4B69-94D9-E4A3020E98D5}.Release|Any CPU.Build.0 = Release|Any CPU
		{AEF9EE99-6B28-4C79-AA0B-79C013D1663B}.Debug|Any CPU.ActiveCfg = Debug|Any CPU
		{AEF9EE99-6B28-4C79-AA0B-79C013D1663B}.Debug|Any CPU.Build.0 = Debug|Any CPU
		{AEF9EE99-6B28-4C79-AA0B-79C013D1663B}.Release|Any CPU.ActiveCfg = Release|Any CPU
		{AEF9EE99-6B28-4C79-AA0B-79C013D1663B}.Release|Any CPU.Build.0 = Release|Any CPU
		{4B5E5FAC-97DA-44E7-929C-10180D520635}.Debug|Any CPU.ActiveCfg = Debug|Any CPU
		{4B5E5FAC-97DA-44E7-929C-10180D520635}.Debug|Any CPU.Build.0 = Debug|Any CPU
		{4B5E5FAC-97DA-44E7-929C-10180D520635}.Release|Any CPU.ActiveCfg = Release|Any CPU
		{4B5E5FAC-97DA-44E7-929C-10180D520635}.Release|Any CPU.Build.0 = Release|Any CPU
		{92D042C7-2EF4-4635-AB12-EAFAFB1EE658}.Debug|Any CPU.ActiveCfg = Debug|Any CPU
		{92D042C7-2EF4-4635-AB12-EAFAFB1EE658}.Debug|Any CPU.Build.0 = Debug|Any CPU
		{92D042C7-2EF4-4635-AB12-EAFAFB1EE658}.Release|Any CPU.ActiveCfg = Release|Any CPU
		{92D042C7-2EF4-4635-AB12-EAFAFB1EE658}.Release|Any CPU.Build.0 = Release|Any CPU
		{3A5FBCFD-5D38-4324-8860-0B6B695EE5B4}.Debug|Any CPU.ActiveCfg = Debug|Any CPU
		{3A5FBCFD-5D38-4324-8860-0B6B695EE5B4}.Debug|Any CPU.Build.0 = Debug|Any CPU
		{3A5FBCFD-5D38-4324-8860-0B6B695EE5B4}.Release|Any CPU.ActiveCfg = Release|Any CPU
		{3A5FBCFD-5D38-4324-8860-0B6B695EE5B4}.Release|Any CPU.Build.0 = Release|Any CPU
		{BDAE8EEA-1C1D-45BB-8D89-7B92A52717CF}.Debug|Any CPU.ActiveCfg = Debug|Any CPU
		{BDAE8EEA-1C1D-45BB-8D89-7B92A52717CF}.Debug|Any CPU.Build.0 = Debug|Any CPU
		{BDAE8EEA-1C1D-45BB-8D89-7B92A52717CF}.Release|Any CPU.ActiveCfg = Release|Any CPU
		{BDAE8EEA-1C1D-45BB-8D89-7B92A52717CF}.Release|Any CPU.Build.0 = Release|Any CPU
		{83342FA3-A044-405F-A5F6-79F42DC0C625}.Debug|Any CPU.ActiveCfg = Debug|Any CPU
		{83342FA3-A044-405F-A5F6-79F42DC0C625}.Debug|Any CPU.Build.0 = Debug|Any CPU
		{83342FA3-A044-405F-A5F6-79F42DC0C625}.Release|Any CPU.ActiveCfg = Release|Any CPU
		{83342FA3-A044-405F-A5F6-79F42DC0C625}.Release|Any CPU.Build.0 = Release|Any CPU
		{BAAAF72C-1154-431E-A2CC-50FF3D517DE9}.Debug|Any CPU.ActiveCfg = Debug|Any CPU
		{BAAAF72C-1154-431E-A2CC-50FF3D517DE9}.Debug|Any CPU.Build.0 = Debug|Any CPU
		{BAAAF72C-1154-431E-A2CC-50FF3D517DE9}.Release|Any CPU.ActiveCfg = Release|Any CPU
		{BAAAF72C-1154-431E-A2CC-50FF3D517DE9}.Release|Any CPU.Build.0 = Release|Any CPU
		{48EB9844-B966-4AA3-AB15-BEFD0174E035}.Debug|Any CPU.ActiveCfg = Debug|Any CPU
		{48EB9844-B966-4AA3-AB15-BEFD0174E035}.Debug|Any CPU.Build.0 = Debug|Any CPU
		{48EB9844-B966-4AA3-AB15-BEFD0174E035}.Release|Any CPU.ActiveCfg = Release|Any CPU
		{48EB9844-B966-4AA3-AB15-BEFD0174E035}.Release|Any CPU.Build.0 = Release|Any CPU
		{BCAD8E02-5438-494F-A386-D14D9F791597}.Debug|Any CPU.ActiveCfg = Debug|Any CPU
		{BCAD8E02-5438-494F-A386-D14D9F791597}.Debug|Any CPU.Build.0 = Debug|Any CPU
		{BCAD8E02-5438-494F-A386-D14D9F791597}.Release|Any CPU.ActiveCfg = Release|Any CPU
		{BCAD8E02-5438-494F-A386-D14D9F791597}.Release|Any CPU.Build.0 = Release|Any CPU
		{2B4E9742-28A3-4817-860B-1C7932E5F007}.Debug|Any CPU.ActiveCfg = Debug|Any CPU
		{2B4E9742-28A3-4817-860B-1C7932E5F007}.Debug|Any CPU.Build.0 = Debug|Any CPU
		{2B4E9742-28A3-4817-860B-1C7932E5F007}.Release|Any CPU.ActiveCfg = Release|Any CPU
		{2B4E9742-28A3-4817-860B-1C7932E5F007}.Release|Any CPU.Build.0 = Release|Any CPU
		{0EEF5299-957E-4166-A87A-34A0DB558B74}.Debug|Any CPU.ActiveCfg = Debug|Any CPU
		{0EEF5299-957E-4166-A87A-34A0DB558B74}.Debug|Any CPU.Build.0 = Debug|Any CPU
		{0EEF5299-957E-4166-A87A-34A0DB558B74}.Release|Any CPU.ActiveCfg = Release|Any CPU
		{0EEF5299-957E-4166-A87A-34A0DB558B74}.Release|Any CPU.Build.0 = Release|Any CPU
		{696A5507-11AF-4AD7-A350-D0067205A635}.Debug|Any CPU.ActiveCfg = Debug|Any CPU
		{696A5507-11AF-4AD7-A350-D0067205A635}.Debug|Any CPU.Build.0 = Debug|Any CPU
		{696A5507-11AF-4AD7-A350-D0067205A635}.Release|Any CPU.ActiveCfg = Release|Any CPU
		{696A5507-11AF-4AD7-A350-D0067205A635}.Release|Any CPU.Build.0 = Release|Any CPU
		{0EB5EAA2-8278-4F3F-902B-EB98278A828C}.Debug|Any CPU.ActiveCfg = Debug|Any CPU
		{0EB5EAA2-8278-4F3F-902B-EB98278A828C}.Debug|Any CPU.Build.0 = Debug|Any CPU
		{0EB5EAA2-8278-4F3F-902B-EB98278A828C}.Release|Any CPU.ActiveCfg = Release|Any CPU
		{0EB5EAA2-8278-4F3F-902B-EB98278A828C}.Release|Any CPU.Build.0 = Release|Any CPU
		{7C338AEF-575A-40EE-8982-B4C6EA02D8CC}.Debug|Any CPU.ActiveCfg = Debug|Any CPU
		{7C338AEF-575A-40EE-8982-B4C6EA02D8CC}.Debug|Any CPU.Build.0 = Debug|Any CPU
		{7C338AEF-575A-40EE-8982-B4C6EA02D8CC}.Release|Any CPU.ActiveCfg = Release|Any CPU
		{7C338AEF-575A-40EE-8982-B4C6EA02D8CC}.Release|Any CPU.Build.0 = Release|Any CPU
		{49B2A6AD-3A8A-45D4-BDAC-7B90E23D5B4F}.Debug|Any CPU.ActiveCfg = Debug|Any CPU
		{49B2A6AD-3A8A-45D4-BDAC-7B90E23D5B4F}.Debug|Any CPU.Build.0 = Debug|Any CPU
		{49B2A6AD-3A8A-45D4-BDAC-7B90E23D5B4F}.Release|Any CPU.ActiveCfg = Release|Any CPU
		{49B2A6AD-3A8A-45D4-BDAC-7B90E23D5B4F}.Release|Any CPU.Build.0 = Release|Any CPU
		{0C033CB9-250F-48D0-A8F6-CA3C0F7D2126}.Debug|Any CPU.ActiveCfg = Debug|Any CPU
		{0C033CB9-250F-48D0-A8F6-CA3C0F7D2126}.Debug|Any CPU.Build.0 = Debug|Any CPU
		{0C033CB9-250F-48D0-A8F6-CA3C0F7D2126}.Release|Any CPU.ActiveCfg = Release|Any CPU
		{0C033CB9-250F-48D0-A8F6-CA3C0F7D2126}.Release|Any CPU.Build.0 = Release|Any CPU
	EndGlobalSection
	GlobalSection(SolutionProperties) = preSolution
		HideSolutionNode = FALSE
	EndGlobalSection
	GlobalSection(NestedProjects) = preSolution
		{3896260E-B55F-46DD-A6BE-8FE93242E984} = {2665D864-086F-44FC-8347-505F55DAC7FF}
		{46A322E8-98F5-4CD7-AC2C-A3490E150A64} = {2665D864-086F-44FC-8347-505F55DAC7FF}
		{04FFF19C-80F9-4201-9A64-2948A503F68B} = {2665D864-086F-44FC-8347-505F55DAC7FF}
		{EE68DD8A-791D-4968-A9AE-C7F36DE80D0A} = {2665D864-086F-44FC-8347-505F55DAC7FF}
		{4CFCEAF8-6E8C-4F32-B91B-877C1511ECA3} = {E8274C38-E993-4833-95A1-8FF9FF119622}
		{A4A4A69F-21EE-410F-A9FE-0F119705C34B} = {E8274C38-E993-4833-95A1-8FF9FF119622}
		{B0AEFCBC-2492-471E-A9AE-FB7FB121EF48} = {E8274C38-E993-4833-95A1-8FF9FF119622}
		{FD2C0CB9-FC4E-48F4-B0D3-97862EACB873} = {E8274C38-E993-4833-95A1-8FF9FF119622}
		{D8D57071-665D-4A19-BFD0-6833566C99CF} = {D9E4B065-0BF3-4F0D-8ACB-799B81831A59}
		{8D57A3E1-A66F-4A14-AA67-0A1DD7ED5D63} = {E3F1BBF3-ADA5-4A5F-876E-798004AE8961}
		{50A2451D-ACD3-445E-90D0-42EC52E6775E} = {47314D29-BA8B-4556-90F1-7E198663747E}
		{C4CF9D8D-408B-49CC-981B-5D6B7F18311A} = {47314D29-BA8B-4556-90F1-7E198663747E}
		{D1FEC752-A959-4B79-84EA-B1E310D0E6FF} = {1854D86B-6709-45E6-BD96-AF3C9C3EC5C7}
		{2FB8A638-4E6A-4935-9A9A-03169CF749DD} = {2D78A400-45BC-11E9-8B89-91FF8FC5E36C}
		{98C27CE1-9E6F-4EC6-9380-C32CEF862A24} = {1854D86B-6709-45E6-BD96-AF3C9C3EC5C7}
		{9EA8DB86-8D02-4D54-B1BF-F45AFC807133} = {47314D29-BA8B-4556-90F1-7E198663747E}
		{8A13D6FE-4A2D-4B69-94D9-E4A3020E98D5} = {9293B3D0-48B3-11E9-92D6-CDD6E957DC81}
		{AEF9EE99-6B28-4C79-AA0B-79C013D1663B} = {E8274C38-E993-4833-95A1-8FF9FF119622}
		{4B5E5FAC-97DA-44E7-929C-10180D520635} = {E8274C38-E993-4833-95A1-8FF9FF119622}
		{92D042C7-2EF4-4635-AB12-EAFAFB1EE658} = {E8274C38-E993-4833-95A1-8FF9FF119622}
		{3A5FBCFD-5D38-4324-8860-0B6B695EE5B4} = {E3F1BBF3-ADA5-4A5F-876E-798004AE8961}
		{BDAE8EEA-1C1D-45BB-8D89-7B92A52717CF} = {E3F1BBF3-ADA5-4A5F-876E-798004AE8961}
		{83342FA3-A044-405F-A5F6-79F42DC0C625} = {E3F1BBF3-ADA5-4A5F-876E-798004AE8961}
		{BAAAF72C-1154-431E-A2CC-50FF3D517DE9} = {05D1D7A5-44C0-4200-BC66-0ED3D6A22511}
		{48EB9844-B966-4AA3-AB15-BEFD0174E035} = {05D1D7A5-44C0-4200-BC66-0ED3D6A22511}
		{BCAD8E02-5438-494F-A386-D14D9F791597} = {05D1D7A5-44C0-4200-BC66-0ED3D6A22511}
		{2B4E9742-28A3-4817-860B-1C7932E5F007} = {05D1D7A5-44C0-4200-BC66-0ED3D6A22511}
		{0EEF5299-957E-4166-A87A-34A0DB558B74} = {4383D261-2B94-4E34-BF99-E64D73AF84E2}
		{696A5507-11AF-4AD7-A350-D0067205A635} = {4383D261-2B94-4E34-BF99-E64D73AF84E2}
		{0EB5EAA2-8278-4F3F-902B-EB98278A828C} = {4383D261-2B94-4E34-BF99-E64D73AF84E2}
		{7C338AEF-575A-40EE-8982-B4C6EA02D8CC} = {4383D261-2B94-4E34-BF99-E64D73AF84E2}
		{49B2A6AD-3A8A-45D4-BDAC-7B90E23D5B4F} = {E8274C38-E993-4833-95A1-8FF9FF119622}
		{0C033CB9-250F-48D0-A8F6-CA3C0F7D2126} = {E3F1BBF3-ADA5-4A5F-876E-798004AE8961}
	EndGlobalSection
	GlobalSection(ExtensibilityGlobals) = postSolution
		SolutionGuid = {6F439BF5-1414-48F5-9734-6BCE1AD387FF}
	EndGlobalSection
EndGlobal
